
Microsoft Visual Studio Solution File, Format Version 12.00
# Visual Studio Version 17
VisualStudioVersion = 17.3.32922.545
MinimumVisualStudioVersion = 10.0.40219.1
Project("{FAE04EC0-301F-11D3-BF4B-00C04F79EFBC}") = "NumberCombinations", "NumberCombinations.csproj", "{233893E5-CFC0-4E42-B28C-F1FCDB2BF4D7}"
EndProject
Global
	GlobalSection(SolutionConfigurationPlatforms) = preSolution
		Debug|Any CPU = Debug|Any CPU
		Release|Any CPU = Release|Any CPU
	EndGlobalSection
	GlobalSection(ProjectConfigurationPlatforms) = postSolution
		{233893E5-CFC0-4E42-B28C-F1FCDB2BF4D7}.Debug|Any CPU.ActiveCfg = Debug|Any CPU
		{233893E5-CFC0-4E42-B28C-F1FCDB2BF4D7}.Debug|Any CPU.Build.0 = Debug|Any CPU
		{233893E5-CFC0-4E42-B28C-F1FCDB2BF4D7}.Release|Any CPU.ActiveCfg = Release|Any CPU
		{233893E5-CFC0-4E42-B28C-F1FCDB2BF4D7}.Release|Any CPU.Build.0 = Release|Any CPU
	EndGlobalSection
	GlobalSection(SolutionProperties) = preSolution
		HideSolutionNode = FALSE
	EndGlobalSection
	GlobalSection(ExtensibilityGlobals) = postSolution
		SolutionGuid = {5CFABD3B-A44E-46FA-9635-269D3A7F4D27}
	EndGlobalSection
EndGlobal
